
Microsoft Visual Studio Solution File, Format Version 12.00
# Visual Studio 2017
Project("{FAE04EC0-301F-11D3-BF4B-00C04F79EFBC}") = "Rolling ball", "Rolling ball.csproj", "{07E55C63-C1AD-2FB6-396F-F7EDD8B844CF}"
EndProject
Global
	GlobalSection(SolutionConfigurationPlatforms) = preSolution
		Debug|Any CPU = Debug|Any CPU
		Release|Any CPU = Release|Any CPU
	EndGlobalSection
	GlobalSection(ProjectConfigurationPlatforms) = postSolution
		{07E55C63-C1AD-2FB6-396F-F7EDD8B844CF}.Debug|Any CPU.ActiveCfg = Debug|Any CPU
		{07E55C63-C1AD-2FB6-396F-F7EDD8B844CF}.Debug|Any CPU.Build.0 = Debug|Any CPU
		{07E55C63-C1AD-2FB6-396F-F7EDD8B844CF}.Release|Any CPU.ActiveCfg = Release|Any CPU
		{07E55C63-C1AD-2FB6-396F-F7EDD8B844CF}.Release|Any CPU.Build.0 = Release|Any CPU
	EndGlobalSection
	GlobalSection(SolutionProperties) = preSolution
		HideSolutionNode = FALSE
	EndGlobalSection
EndGlobal
